// !$*UTF8*$!
{
	archiveVersion = 1;
	classes = {
	};
	objectVersion = 55;
	objects = {

/* Begin PBXBuildFile section */
		17965DD72878754C0083F8DC /* AppDelegate.swift in Sources */ = {isa = PBXBuildFile; fileRef = 17965DD62878754C0083F8DC /* AppDelegate.swift */; };
		17965DD92878754C0083F8DC /* SceneDelegate.swift in Sources */ = {isa = PBXBuildFile; fileRef = 17965DD82878754C0083F8DC /* SceneDelegate.swift */; };
		17965DDB2878754C0083F8DC /* MainListVC.swift in Sources */ = {isa = PBXBuildFile; fileRef = 17965DDA2878754C0083F8DC /* MainListVC.swift */; };
		17965DDE2878754C0083F8DC /* Main.storyboard in Resources */ = {isa = PBXBuildFile; fileRef = 17965DDC2878754C0083F8DC /* Main.storyboard */; };
		17965DE02878754D0083F8DC /* Assets.xcassets in Resources */ = {isa = PBXBuildFile; fileRef = 17965DDF2878754D0083F8DC /* Assets.xcassets */; };
		17965DE32878754D0083F8DC /* LaunchScreen.storyboard in Resources */ = {isa = PBXBuildFile; fileRef = 17965DE12878754D0083F8DC /* LaunchScreen.storyboard */; };
		17965DEB28787A450083F8DC /* Constants.swift in Sources */ = {isa = PBXBuildFile; fileRef = 17965DEA28787A450083F8DC /* Constants.swift */; };
		17965DED28787B130083F8DC /* MainListCell.swift in Sources */ = {isa = PBXBuildFile; fileRef = 17965DEC28787B130083F8DC /* MainListCell.swift */; };
		17965DF3287880C60083F8DC /* MyPlaceModel.swift in Sources */ = {isa = PBXBuildFile; fileRef = 17965DF2287880C60083F8DC /* MyPlaceModel.swift */; };
		17965DF7287B2FD00083F8DC /* DetailListVC.swift in Sources */ = {isa = PBXBuildFile; fileRef = 17965DF6287B2FD00083F8DC /* DetailListVC.swift */; };
		17965DF9287B45BE0083F8DC /* Alert.swift in Sources */ = {isa = PBXBuildFile; fileRef = 17965DF8287B45BE0083F8DC /* Alert.swift */; };
		17965DFC287C546F0083F8DC /* StorageManager.swift in Sources */ = {isa = PBXBuildFile; fileRef = 17965DFB287C546F0083F8DC /* StorageManager.swift */; };
		53AB941F33B3FE140ED373E8 /* Pods_MyFavouritePlaces.framework in Frameworks */ = {isa = PBXBuildFile; fileRef = A498910077C1257412C52AFF /* Pods_MyFavouritePlaces.framework */; };
/* End PBXBuildFile section */

/* Begin PBXFileReference section */
		17965DD32878754C0083F8DC /* MyFavouritePlaces.app */ = {isa = PBXFileReference; explicitFileType = wrapper.application; includeInIndex = 0; path = MyFavouritePlaces.app; sourceTree = BUILT_PRODUCTS_DIR; };
		17965DD62878754C0083F8DC /* AppDelegate.swift */ = {isa = PBXFileReference; lastKnownFileType = sourcecode.swift; path = AppDelegate.swift; sourceTree = "<group>"; };
		17965DD82878754C0083F8DC /* SceneDelegate.swift */ = {isa = PBXFileReference; lastKnownFileType = sourcecode.swift; path = SceneDelegate.swift; sourceTree = "<group>"; };
		17965DDA2878754C0083F8DC /* MainListVC.swift */ = {isa = PBXFileReference; lastKnownFileType = sourcecode.swift; path = MainListVC.swift; sourceTree = "<group>"; };
		17965DDD2878754C0083F8DC /* Base */ = {isa = PBXFileReference; lastKnownFileType = file.storyboard; name = Base; path = Base.lproj/Main.storyboard; sourceTree = "<group>"; };
		17965DDF2878754D0083F8DC /* Assets.xcassets */ = {isa = PBXFileReference; lastKnownFileType = folder.assetcatalog; path = Assets.xcassets; sourceTree = "<group>"; };
		17965DE22878754D0083F8DC /* Base */ = {isa = PBXFileReference; lastKnownFileType = file.storyboard; name = Base; path = Base.lproj/LaunchScreen.storyboard; sourceTree = "<group>"; };
		17965DE42878754D0083F8DC /* Info.plist */ = {isa = PBXFileReference; lastKnownFileType = text.plist.xml; path = Info.plist; sourceTree = "<group>"; };
		17965DEA28787A450083F8DC /* Constants.swift */ = {isa = PBXFileReference; lastKnownFileType = sourcecode.swift; path = Constants.swift; sourceTree = "<group>"; };
		17965DEC28787B130083F8DC /* MainListCell.swift */ = {isa = PBXFileReference; lastKnownFileType = sourcecode.swift; path = MainListCell.swift; sourceTree = "<group>"; };
		17965DF2287880C60083F8DC /* MyPlaceModel.swift */ = {isa = PBXFileReference; lastKnownFileType = sourcecode.swift; path = MyPlaceModel.swift; sourceTree = "<group>"; };
		17965DF6287B2FD00083F8DC /* DetailListVC.swift */ = {isa = PBXFileReference; lastKnownFileType = sourcecode.swift; path = DetailListVC.swift; sourceTree = "<group>"; };
		17965DF8287B45BE0083F8DC /* Alert.swift */ = {isa = PBXFileReference; lastKnownFileType = sourcecode.swift; path = Alert.swift; sourceTree = "<group>"; };
		17965DFB287C546F0083F8DC /* StorageManager.swift */ = {isa = PBXFileReference; lastKnownFileType = sourcecode.swift; path = StorageManager.swift; sourceTree = "<group>"; };
		6C1DC147E0F8DA4814002346 /* Pods-MyFavouritePlaces.release.xcconfig */ = {isa = PBXFileReference; includeInIndex = 1; lastKnownFileType = text.xcconfig; name = "Pods-MyFavouritePlaces.release.xcconfig"; path = "Target Support Files/Pods-MyFavouritePlaces/Pods-MyFavouritePlaces.release.xcconfig"; sourceTree = "<group>"; };
		851F2F6DF0B65F709162B431 /* Pods-MyFavouritePlaces.debug.xcconfig */ = {isa = PBXFileReference; includeInIndex = 1; lastKnownFileType = text.xcconfig; name = "Pods-MyFavouritePlaces.debug.xcconfig"; path = "Target Support Files/Pods-MyFavouritePlaces/Pods-MyFavouritePlaces.debug.xcconfig"; sourceTree = "<group>"; };
		A498910077C1257412C52AFF /* Pods_MyFavouritePlaces.framework */ = {isa = PBXFileReference; explicitFileType = wrapper.framework; includeInIndex = 0; path = Pods_MyFavouritePlaces.framework; sourceTree = BUILT_PRODUCTS_DIR; };
/* End PBXFileReference section */

/* Begin PBXFrameworksBuildPhase section */
		17965DD02878754C0083F8DC /* Frameworks */ = {
			isa = PBXFrameworksBuildPhase;
			buildActionMask = 2147483647;
			files = (
				53AB941F33B3FE140ED373E8 /* Pods_MyFavouritePlaces.framework in Frameworks */,
			);
			runOnlyForDeploymentPostprocessing = 0;
		};
/* End PBXFrameworksBuildPhase section */

/* Begin PBXGroup section */
		17965DCA2878754C0083F8DC = {
			isa = PBXGroup;
			children = (
				17965DD52878754C0083F8DC /* MyPlaces */,
				17965DD42878754C0083F8DC /* Products */,
				C8AAF1F5C6B6B0B04C093963 /* Pods */,
				BA7C865F8D2FA83F902788C4 /* Frameworks */,
			);
			sourceTree = "<group>";
		};
		17965DD42878754C0083F8DC /* Products */ = {
			isa = PBXGroup;
			children = (
				17965DD32878754C0083F8DC /* MyFavouritePlaces.app */,
			);
			name = Products;
			sourceTree = "<group>";
		};
		17965DD52878754C0083F8DC /* MyPlaces */ = {
			isa = PBXGroup;
			children = (
				17965DD62878754C0083F8DC /* AppDelegate.swift */,
				17965DD82878754C0083F8DC /* SceneDelegate.swift */,
				17965DFA287C545F0083F8DC /* Manager */,
				17965DF12878809F0083F8DC /* Models */,
				17965DF02878808D0083F8DC /* Helpers */,
				17965DEE287880720083F8DC /* Controllers */,
				17965DDC2878754C0083F8DC /* Main.storyboard */,
				17965DDF2878754D0083F8DC /* Assets.xcassets */,
				17965DE12878754D0083F8DC /* LaunchScreen.storyboard */,
				17965DE42878754D0083F8DC /* Info.plist */,
			);
			path = MyPlaces;
			sourceTree = "<group>";
		};
		17965DEE287880720083F8DC /* Controllers */ = {
			isa = PBXGroup;
			children = (
				17965DDA2878754C0083F8DC /* MainListVC.swift */,
				17965DF6287B2FD00083F8DC /* DetailListVC.swift */,
				17965DEF2878807C0083F8DC /* Cells */,
			);
			path = Controllers;
			sourceTree = "<group>";
		};
		17965DEF2878807C0083F8DC /* Cells */ = {
			isa = PBXGroup;
			children = (
				17965DEC28787B130083F8DC /* MainListCell.swift */,
			);
			path = Cells;
			sourceTree = "<group>";
		};
		17965DF02878808D0083F8DC /* Helpers */ = {
			isa = PBXGroup;
			children = (
				17965DEA28787A450083F8DC /* Constants.swift */,
				17965DF8287B45BE0083F8DC /* Alert.swift */,
			);
			path = Helpers;
			sourceTree = "<group>";
		};
		17965DF12878809F0083F8DC /* Models */ = {
			isa = PBXGroup;
			children = (
				17965DF2287880C60083F8DC /* MyPlaceModel.swift */,
			);
			path = Models;
			sourceTree = "<group>";
		};
		17965DFA287C545F0083F8DC /* Manager */ = {
			isa = PBXGroup;
			children = (
				17965DFB287C546F0083F8DC /* StorageManager.swift */,
			);
			path = Manager;
			sourceTree = "<group>";
		};
		BA7C865F8D2FA83F902788C4 /* Frameworks */ = {
			isa = PBXGroup;
			children = (
				A498910077C1257412C52AFF /* Pods_MyFavouritePlaces.framework */,
			);
			name = Frameworks;
			sourceTree = "<group>";
		};
		C8AAF1F5C6B6B0B04C093963 /* Pods */ = {
			isa = PBXGroup;
			children = (
				851F2F6DF0B65F709162B431 /* Pods-MyFavouritePlaces.debug.xcconfig */,
				6C1DC147E0F8DA4814002346 /* Pods-MyFavouritePlaces.release.xcconfig */,
			);
			path = Pods;
			sourceTree = "<group>";
		};
/* End PBXGroup section */

/* Begin PBXNativeTarget section */
		17965DD22878754C0083F8DC /* MyFavouritePlaces */ = {
			isa = PBXNativeTarget;
			buildConfigurationList = 17965DE72878754D0083F8DC /* Build configuration list for PBXNativeTarget "MyFavouritePlaces" */;
			buildPhases = (
				E959657E5C7EE246B123F56B /* [CP] Check Pods Manifest.lock */,
				17965DCF2878754C0083F8DC /* Sources */,
				17965DD02878754C0083F8DC /* Frameworks */,
				17965DD12878754C0083F8DC /* Resources */,
				1BFB9FBF19033EA1024E33F3 /* [CP] Embed Pods Frameworks */,
			);
			buildRules = (
			);
			dependencies = (
			);
			name = MyFavouritePlaces;
			productName = MyPlaces;
			productReference = 17965DD32878754C0083F8DC /* MyFavouritePlaces.app */;
			productType = "com.apple.product-type.application";
		};
/* End PBXNativeTarget section */

/* Begin PBXProject section */
		17965DCB2878754C0083F8DC /* Project object */ = {
			isa = PBXProject;
			attributes = {
				BuildIndependentTargetsInParallel = 1;
				LastSwiftUpdateCheck = 1320;
				LastUpgradeCheck = 1320;
				TargetAttributes = {
					17965DD22878754C0083F8DC = {
						CreatedOnToolsVersion = 13.2;
					};
				};
			};
			buildConfigurationList = 17965DCE2878754C0083F8DC /* Build configuration list for PBXProject "MyFavouritePlaces" */;
			compatibilityVersion = "Xcode 13.0";
			developmentRegion = en;
			hasScannedForEncodings = 0;
			knownRegions = (
				en,
				Base,
			);
			mainGroup = 17965DCA2878754C0083F8DC;
			productRefGroup = 17965DD42878754C0083F8DC /* Products */;
			projectDirPath = "";
			projectRoot = "";
			targets = (
				17965DD22878754C0083F8DC /* MyFavouritePlaces */,
			);
		};
/* End PBXProject section */

/* Begin PBXResourcesBuildPhase section */
		17965DD12878754C0083F8DC /* Resources */ = {
			isa = PBXResourcesBuildPhase;
			buildActionMask = 2147483647;
			files = (
				17965DE32878754D0083F8DC /* LaunchScreen.storyboard in Resources */,
				17965DE02878754D0083F8DC /* Assets.xcassets in Resources */,
				17965DDE2878754C0083F8DC /* Main.storyboard in Resources */,
			);
			runOnlyForDeploymentPostprocessing = 0;
		};
/* End PBXResourcesBuildPhase section */

/* Begin PBXShellScriptBuildPhase section */
		1BFB9FBF19033EA1024E33F3 /* [CP] Embed Pods Frameworks */ = {
			isa = PBXShellScriptBuildPhase;
			buildActionMask = 2147483647;
			files = (
			);
			inputFileListPaths = (
				"${PODS_ROOT}/Target Support Files/Pods-MyFavouritePlaces/Pods-MyFavouritePlaces-frameworks-${CONFIGURATION}-input-files.xcfilelist",
			);
			name = "[CP] Embed Pods Frameworks";
			outputFileListPaths = (
				"${PODS_ROOT}/Target Support Files/Pods-MyFavouritePlaces/Pods-MyFavouritePlaces-frameworks-${CONFIGURATION}-output-files.xcfilelist",
			);
			runOnlyForDeploymentPostprocessing = 0;
			shellPath = /bin/sh;
			shellScript = "\"${PODS_ROOT}/Target Support Files/Pods-MyFavouritePlaces/Pods-MyFavouritePlaces-frameworks.sh\"\n";
			showEnvVarsInLog = 0;
		};
		E959657E5C7EE246B123F56B /* [CP] Check Pods Manifest.lock */ = {
			isa = PBXShellScriptBuildPhase;
			buildActionMask = 2147483647;
			files = (
			);
			inputFileListPaths = (
			);
			inputPaths = (
				"${PODS_PODFILE_DIR_PATH}/Podfile.lock",
				"${PODS_ROOT}/Manifest.lock",
			);
			name = "[CP] Check Pods Manifest.lock";
			outputFileListPaths = (
			);
			outputPaths = (
				"$(DERIVED_FILE_DIR)/Pods-MyFavouritePlaces-checkManifestLockResult.txt",
			);
			runOnlyForDeploymentPostprocessing = 0;
			shellPath = /bin/sh;
			shellScript = "diff \"${PODS_PODFILE_DIR_PATH}/Podfile.lock\" \"${PODS_ROOT}/Manifest.lock\" > /dev/null\nif [ $? != 0 ] ; then\n    # print error to STDERR\n    echo \"error: The sandbox is not in sync with the Podfile.lock. Run 'pod install' or update your CocoaPods installation.\" >&2\n    exit 1\nfi\n# This output is used by Xcode 'outputs' to avoid re-running this script phase.\necho \"SUCCESS\" > \"${SCRIPT_OUTPUT_FILE_0}\"\n";
			showEnvVarsInLog = 0;
		};
/* End PBXShellScriptBuildPhase section */

/* Begin PBXSourcesBuildPhase section */
		17965DCF2878754C0083F8DC /* Sources */ = {
			isa = PBXSourcesBuildPhase;
			buildActionMask = 2147483647;
			files = (
				17965DDB2878754C0083F8DC /* MainListVC.swift in Sources */,
				17965DD72878754C0083F8DC /* AppDelegate.swift in Sources */,
				17965DD92878754C0083F8DC /* SceneDelegate.swift in Sources */,
				17965DFC287C546F0083F8DC /* StorageManager.swift in Sources */,
				17965DEB28787A450083F8DC /* Constants.swift in Sources */,
				17965DED28787B130083F8DC /* MainListCell.swift in Sources */,
				17965DF3287880C60083F8DC /* MyPlaceModel.swift in Sources */,
				17965DF9287B45BE0083F8DC /* Alert.swift in Sources */,
				17965DF7287B2FD00083F8DC /* DetailListVC.swift in Sources */,
			);
			runOnlyForDeploymentPostprocessing = 0;
		};
/* End PBXSourcesBuildPhase section */

/* Begin PBXVariantGroup section */
		17965DDC2878754C0083F8DC /* Main.storyboard */ = {
			isa = PBXVariantGroup;
			children = (
				17965DDD2878754C0083F8DC /* Base */,
			);
			name = Main.storyboard;
			sourceTree = "<group>";
		};
		17965DE12878754D0083F8DC /* LaunchScreen.storyboard */ = {
			isa = PBXVariantGroup;
			children = (
				17965DE22878754D0083F8DC /* Base */,
			);
			name = LaunchScreen.storyboard;
			sourceTree = "<group>";
		};
/* End PBXVariantGroup section */

/* Begin XCBuildConfiguration section */
		17965DE52878754D0083F8DC /* Debug */ = {
			isa = XCBuildConfiguration;
			buildSettings = {
				ALWAYS_SEARCH_USER_PATHS = NO;
				CLANG_ANALYZER_NONNULL = YES;
				CLANG_ANALYZER_NUMBER_OBJECT_CONVERSION = YES_AGGRESSIVE;
				CLANG_CXX_LANGUAGE_STANDARD = "gnu++17";
				CLANG_CXX_LIBRARY = "libc++";
				CLANG_ENABLE_MODULES = YES;
				CLANG_ENABLE_OBJC_ARC = YES;
				CLANG_ENABLE_OBJC_WEAK = YES;
				CLANG_WARN_BLOCK_CAPTURE_AUTORELEASING = YES;
				CLANG_WARN_BOOL_CONVERSION = YES;
				CLANG_WARN_COMMA = YES;
				CLANG_WARN_CONSTANT_CONVERSION = YES;
				CLANG_WARN_DEPRECATED_OBJC_IMPLEMENTATIONS = YES;
				CLANG_WARN_DIRECT_OBJC_ISA_USAGE = YES_ERROR;
				CLANG_WARN_DOCUMENTATION_COMMENTS = YES;
				CLANG_WARN_EMPTY_BODY = YES;
				CLANG_WARN_ENUM_CONVERSION = YES;
				CLANG_WARN_INFINITE_RECURSION = YES;
				CLANG_WARN_INT_CONVERSION = YES;
				CLANG_WARN_NON_LITERAL_NULL_CONVERSION = YES;
				CLANG_WARN_OBJC_IMPLICIT_RETAIN_SELF = YES;
				CLANG_WARN_OBJC_LITERAL_CONVERSION = YES;
				CLANG_WARN_OBJC_ROOT_CLASS = YES_ERROR;
				CLANG_WARN_QUOTED_INCLUDE_IN_FRAMEWORK_HEADER = YES;
				CLANG_WARN_RANGE_LOOP_ANALYSIS = YES;
				CLANG_WARN_STRICT_PROTOTYPES = YES;
				CLANG_WARN_SUSPICIOUS_MOVE = YES;
				CLANG_WARN_UNGUARDED_AVAILABILITY = YES_AGGRESSIVE;
				CLANG_WARN_UNREACHABLE_CODE = YES;
				CLANG_WARN__DUPLICATE_METHOD_MATCH = YES;
				COPY_PHASE_STRIP = NO;
				DEBUG_INFORMATION_FORMAT = dwarf;
				ENABLE_STRICT_OBJC_MSGSEND = YES;
				ENABLE_TESTABILITY = YES;
				GCC_C_LANGUAGE_STANDARD = gnu11;
				GCC_DYNAMIC_NO_PIC = NO;
				GCC_NO_COMMON_BLOCKS = YES;
				GCC_OPTIMIZATION_LEVEL = 0;
				GCC_PREPROCESSOR_DEFINITIONS = (
					"DEBUG=1",
					"$(inherited)",
				);
				GCC_WARN_64_TO_32_BIT_CONVERSION = YES;
				GCC_WARN_ABOUT_RETURN_TYPE = YES_ERROR;
				GCC_WARN_UNDECLARED_SELECTOR = YES;
				GCC_WARN_UNINITIALIZED_AUTOS = YES_AGGRESSIVE;
				GCC_WARN_UNUSED_FUNCTION = YES;
				GCC_WARN_UNUSED_VARIABLE = YES;
				IPHONEOS_DEPLOYMENT_TARGET = 15.2;
				MTL_ENABLE_DEBUG_INFO = INCLUDE_SOURCE;
				MTL_FAST_MATH = YES;
				ONLY_ACTIVE_ARCH = YES;
				SDKROOT = iphoneos;
				SWIFT_ACTIVE_COMPILATION_CONDITIONS = DEBUG;
				SWIFT_OPTIMIZATION_LEVEL = "-Onone";
			};
			name = Debug;
		};
		17965DE62878754D0083F8DC /* Release */ = {
			isa = XCBuildConfiguration;
			buildSettings = {
				ALWAYS_SEARCH_USER_PATHS = NO;
				CLANG_ANALYZER_NONNULL = YES;
				CLANG_ANALYZER_NUMBER_OBJECT_CONVERSION = YES_AGGRESSIVE;
				CLANG_CXX_LANGUAGE_STANDARD = "gnu++17";
				CLANG_CXX_LIBRARY = "libc++";
				CLANG_ENABLE_MODULES = YES;
				CLANG_ENABLE_OBJC_ARC = YES;
				CLANG_ENABLE_OBJC_WEAK = YES;
				CLANG_WARN_BLOCK_CAPTURE_AUTORELEASING = YES;
				CLANG_WARN_BOOL_CONVERSION = YES;
				CLANG_WARN_COMMA = YES;
				CLANG_WARN_CONSTANT_CONVERSION = YES;
				CLANG_WARN_DEPRECATED_OBJC_IMPLEMENTATIONS = YES;
				CLANG_WARN_DIRECT_OBJC_ISA_USAGE = YES_ERROR;
				CLANG_WARN_DOCUMENTATION_COMMENTS = YES;
				CLANG_WARN_EMPTY_BODY = YES;
				CLANG_WARN_ENUM_CONVERSION = YES;
				CLANG_WARN_INFINITE_RECURSION = YES;
				CLANG_WARN_INT_CONVERSION = YES;
				CLANG_WARN_NON_LITERAL_NULL_CONVERSION = YES;
				CLANG_WARN_OBJC_IMPLICIT_RETAIN_SELF = YES;
				CLANG_WARN_OBJC_LITERAL_CONVERSION = YES;
				CLANG_WARN_OBJC_ROOT_CLASS = YES_ERROR;
				CLANG_WARN_QUOTED_INCLUDE_IN_FRAMEWORK_HEADER = YES;
				CLANG_WARN_RANGE_LOOP_ANALYSIS = YES;
				CLANG_WARN_STRICT_PROTOTYPES = YES;
				CLANG_WARN_SUSPICIOUS_MOVE = YES;
				CLANG_WARN_UNGUARDED_AVAILABILITY = YES_AGGRESSIVE;
				CLANG_WARN_UNREACHABLE_CODE = YES;
				CLANG_WARN__DUPLICATE_METHOD_MATCH = YES;
				COPY_PHASE_STRIP = NO;
				DEBUG_INFORMATION_FORMAT = "dwarf-with-dsym";
				ENABLE_NS_ASSERTIONS = NO;
				ENABLE_STRICT_OBJC_MSGSEND = YES;
				GCC_C_LANGUAGE_STANDARD = gnu11;
				GCC_NO_COMMON_BLOCKS = YES;
				GCC_WARN_64_TO_32_BIT_CONVERSION = YES;
				GCC_WARN_ABOUT_RETURN_TYPE = YES_ERROR;
				GCC_WARN_UNDECLARED_SELECTOR = YES;
				GCC_WARN_UNINITIALIZED_AUTOS = YES_AGGRESSIVE;
				GCC_WARN_UNUSED_FUNCTION = YES;
				GCC_WARN_UNUSED_VARIABLE = YES;
				IPHONEOS_DEPLOYMENT_TARGET = 15.2;
				MTL_ENABLE_DEBUG_INFO = NO;
				MTL_FAST_MATH = YES;
				SDKROOT = iphoneos;
				SWIFT_COMPILATION_MODE = wholemodule;
				SWIFT_OPTIMIZATION_LEVEL = "-O";
				VALIDATE_PRODUCT = YES;
			};
			name = Release;
		};
		17965DE82878754D0083F8DC /* Debug */ = {
			isa = XCBuildConfiguration;
			baseConfigurationReference = 851F2F6DF0B65F709162B431 /* Pods-MyFavouritePlaces.debug.xcconfig */;
			buildSettings = {
				ASSETCATALOG_COMPILER_APPICON_NAME = AppIcon;
				ASSETCATALOG_COMPILER_GLOBAL_ACCENT_COLOR_NAME = AccentColor;
				CODE_SIGN_STYLE = Automatic;
				CURRENT_PROJECT_VERSION = 1;
				DEVELOPMENT_TEAM = N5R82RFL53;
				GENERATE_INFOPLIST_FILE = YES;
				INFOPLIST_FILE = MyPlaces/Info.plist;
				INFOPLIST_KEY_CFBundleDisplayName = MyFovouritePlaces;
				INFOPLIST_KEY_UIApplicationSupportsIndirectInputEvents = YES;
				INFOPLIST_KEY_UILaunchStoryboardName = LaunchScreen;
				INFOPLIST_KEY_UIMainStoryboardFile = Main;
				INFOPLIST_KEY_UISupportedInterfaceOrientations_iPad = "UIInterfaceOrientationPortrait UIInterfaceOrientationPortraitUpsideDown UIInterfaceOrientationLandscapeLeft UIInterfaceOrientationLandscapeRight";
				INFOPLIST_KEY_UISupportedInterfaceOrientations_iPhone = "UIInterfaceOrientationPortrait UIInterfaceOrientationLandscapeLeft UIInterfaceOrientationLandscapeRight";
				LD_RUNPATH_SEARCH_PATHS = (
					"$(inherited)",
					"@executable_path/Frameworks",
				);
				MARKETING_VERSION = 1.0;
				PRODUCT_BUNDLE_IDENTIFIER = A.N.MyPlaces;
				PRODUCT_NAME = "$(TARGET_NAME)";
				SWIFT_EMIT_LOC_STRINGS = YES;
				SWIFT_VERSION = 5.0;
				TARGETED_DEVICE_FAMILY = "1,2";
			};
			name = Debug;
		};
		17965DE92878754D0083F8DC /* Release */ = {
			isa = XCBuildConfiguration;
			baseConfigurationReference = 6C1DC147E0F8DA4814002346 /* Pods-MyFavouritePlaces.release.xcconfig */;
			buildSettings = {
				ASSETCATALOG_COMPILER_APPICON_NAME = AppIcon;
				ASSETCATALOG_COMPILER_GLOBAL_ACCENT_COLOR_NAME = AccentColor;
				CODE_SIGN_STYLE = Automatic;
				CURRENT_PROJECT_VERSION = 1;
				DEVELOPMENT_TEAM = N5R82RFL53;
				GENERATE_INFOPLIST_FILE = YES;
				INFOPLIST_FILE = MyPlaces/Info.plist;
				INFOPLIST_KEY_CFBundleDisplayName = MyFovouritePlaces;
				INFOPLIST_KEY_UIApplicationSupportsIndirectInputEvents = YES;
				INFOPLIST_KEY_UILaunchStoryboardName = LaunchScreen;
				INFOPLIST_KEY_UIMainStoryboardFile = Main;
				INFOPLIST_KEY_UISupportedInterfaceOrientations_iPad = "UIInterfaceOrientationPortrait UIInterfaceOrientationPortraitUpsideDown UIInterfaceOrientationLandscapeLeft UIInterfaceOrientationLandscapeRight";
				INFOPLIST_KEY_UISupportedInterfaceOrientations_iPhone = "UIInterfaceOrientationPortrait UIInterfaceOrientationLandscapeLeft UIInterfaceOrientationLandscapeRight";
				LD_RUNPATH_SEARCH_PATHS = (
					"$(inherited)",
					"@executable_path/Frameworks",
				);
				MARKETING_VERSION = 1.0;
				PRODUCT_BUNDLE_IDENTIFIER = A.N.MyPlaces;
				PRODUCT_NAME = "$(TARGET_NAME)";
				SWIFT_EMIT_LOC_STRINGS = YES;
				SWIFT_VERSION = 5.0;
				TARGETED_DEVICE_FAMILY = "1,2";
			};
			name = Release;
		};
/* End XCBuildConfiguration section */

/* Begin XCConfigurationList section */
		17965DCE2878754C0083F8DC /* Build configuration list for PBXProject "MyFavouritePlaces" */ = {
			isa = XCConfigurationList;
			buildConfigurations = (
				17965DE52878754D0083F8DC /* Debug */,
				17965DE62878754D0083F8DC /* Release */,
			);
			defaultConfigurationIsVisible = 0;
			defaultConfigurationName = Release;
		};
		17965DE72878754D0083F8DC /* Build configuration list for PBXNativeTarget "MyFavouritePlaces" */ = {
			isa = XCConfigurationList;
			buildConfigurations = (
				17965DE82878754D0083F8DC /* Debug */,
				17965DE92878754D0083F8DC /* Release */,
			);
			defaultConfigurationIsVisible = 0;
			defaultConfigurationName = Release;
		};
/* End XCConfigurationList section */
	};
	rootObject = 17965DCB2878754C0083F8DC /* Project object */;
}
